
Microsoft Visual Studio Solution File, Format Version 12.00
# Visual Studio Version 16
VisualStudioVersion = 16.0.29509.3
MinimumVisualStudioVersion = 10.0.40219.1
Project("{9A19103F-16F7-4668-BE54-9A1E7A4F7556}") = "bigbluebutton", "bigbluebutton\bigbluebutton.csproj", "{46DCD973-F3A8-4352-9EB4-4DA54EE45581}"
EndProject
Project("{9A19103F-16F7-4668-BE54-9A1E7A4F7556}") = "bbbclientapp", "bbbclientapp\bbbclientapp.csproj", "{BF2637B9-1D77-4BB3-9676-01F312336D05}"
EndProject
Global
	GlobalSection(SolutionConfigurationPlatforms) = preSolution
		Debug|Any CPU = Debug|Any CPU
		Release|Any CPU = Release|Any CPU
	EndGlobalSection
	GlobalSection(ProjectConfigurationPlatforms) = postSolution
		{46DCD973-F3A8-4352-9EB4-4DA54EE45581}.Debug|Any CPU.ActiveCfg = Debug|Any CPU
		{46DCD973-F3A8-4352-9EB4-4DA54EE45581}.Debug|Any CPU.Build.0 = Debug|Any CPU
		{46DCD973-F3A8-4352-9EB4-4DA54EE45581}.Release|Any CPU.ActiveCfg = Release|Any CPU
		{46DCD973-F3A8-4352-9EB4-4DA54EE45581}.Release|Any CPU.Build.0 = Release|Any CPU
		{BF2637B9-1D77-4BB3-9676-01F312336D05}.Debug|Any CPU.ActiveCfg = Debug|Any CPU
		{BF2637B9-1D77-4BB3-9676-01F312336D05}.Debug|Any CPU.Build.0 = Debug|Any CPU
		{BF2637B9-1D77-4BB3-9676-01F312336D05}.Release|Any CPU.ActiveCfg = Release|Any CPU
		{BF2637B9-1D77-4BB3-9676-01F312336D05}.Release|Any CPU.Build.0 = Release|Any CPU
	EndGlobalSection
	GlobalSection(SolutionProperties) = preSolution
		HideSolutionNode = FALSE
	EndGlobalSection
	GlobalSection(ExtensibilityGlobals) = postSolution
		SolutionGuid = {8B237FDB-EA08-403E-9975-842FF47CCBD5}
	EndGlobalSection
EndGlobal
